
Microsoft Visual Studio Solution File, Format Version 12.00
# Visual Studio Version 17
VisualStudioVersion = 17.0.31903.59
MinimumVisualStudioVersion = 10.0.40219.1
Project("{FAE04EC0-301F-11D3-BF4B-00C04F79EFBC}") = "Invoice.API", "Invoice.API\Invoice.API.csproj", "{2CC3F986-4BB5-446A-88A5-0E56A0CAF026}"
EndProject
Project("{FAE04EC0-301F-11D3-BF4B-00C04F79EFBC}") = "Invoice.Application", "Invoice.Application\Invoice.Application.csproj", "{241ECB2C-825F-45D3-92FD-331A4789AA75}"
EndProject
Project("{FAE04EC0-301F-11D3-BF4B-00C04F79EFBC}") = "Invoice.Infrastructure", "Invoice.Infrastructure\Invoice.Infrastructure.csproj", "{953CCF9F-2D22-4294-8653-1A525C142AE3}"
EndProject
Project("{FAE04EC0-301F-11D3-BF4B-00C04F79EFBC}") = "Invoice.Domain", "Invoice.Domain\Invoice.Domain.csproj", "{044088AF-C106-4001-8F47-27DBA49303FF}"
EndProject
Global
	GlobalSection(SolutionConfigurationPlatforms) = preSolution
		Debug|Any CPU = Debug|Any CPU
		Release|Any CPU = Release|Any CPU
	EndGlobalSection
	GlobalSection(ProjectConfigurationPlatforms) = postSolution
		{2CC3F986-4BB5-446A-88A5-0E56A0CAF026}.Debug|Any CPU.ActiveCfg = Debug|Any CPU
		{2CC3F986-4BB5-446A-88A5-0E56A0CAF026}.Debug|Any CPU.Build.0 = Debug|Any CPU
		{2CC3F986-4BB5-446A-88A5-0E56A0CAF026}.Release|Any CPU.ActiveCfg = Release|Any CPU
		{2CC3F986-4BB5-446A-88A5-0E56A0CAF026}.Release|Any CPU.Build.0 = Release|Any CPU
		{241ECB2C-825F-45D3-92FD-331A4789AA75}.Debug|Any CPU.ActiveCfg = Debug|Any CPU
		{241ECB2C-825F-45D3-92FD-331A4789AA75}.Debug|Any CPU.Build.0 = Debug|Any CPU
		{241ECB2C-825F-45D3-92FD-331A4789AA75}.Release|Any CPU.ActiveCfg = Release|Any CPU
		{241ECB2C-825F-45D3-92FD-331A4789AA75}.Release|Any CPU.Build.0 = Release|Any CPU
		{953CCF9F-2D22-4294-8653-1A525C142AE3}.Debug|Any CPU.ActiveCfg = Debug|Any CPU
		{953CCF9F-2D22-4294-8653-1A525C142AE3}.Debug|Any CPU.Build.0 = Debug|Any CPU
		{953CCF9F-2D22-4294-8653-1A525C142AE3}.Release|Any CPU.ActiveCfg = Release|Any CPU
		{953CCF9F-2D22-4294-8653-1A525C142AE3}.Release|Any CPU.Build.0 = Release|Any CPU
		{044088AF-C106-4001-8F47-27DBA49303FF}.Debug|Any CPU.ActiveCfg = Debug|Any CPU
		{044088AF-C106-4001-8F47-27DBA49303FF}.Debug|Any CPU.Build.0 = Debug|Any CPU
		{044088AF-C106-4001-8F47-27DBA49303FF}.Release|Any CPU.ActiveCfg = Release|Any CPU
		{044088AF-C106-4001-8F47-27DBA49303FF}.Release|Any CPU.Build.0 = Release|Any CPU
	EndGlobalSection
	GlobalSection(SolutionProperties) = preSolution
		HideSolutionNode = FALSE
	EndGlobalSection
	GlobalSection(ExtensibilityGlobals) = postSolution
		SolutionGuid = {E0BBA293-4CAD-4571-B746-01A03F7A94A8}
	EndGlobalSection
EndGlobal
